// !$*UTF8*$!
{
	archiveVersion = 1;
	classes = {
	};
	objectVersion = 50;
	objects = {

/* Begin PBXBuildFile section */
		661B331B2555D45800E7ABCA /* AppDelegate.swift in Sources */ = {isa = PBXBuildFile; fileRef = 661B331A2555D45800E7ABCA /* AppDelegate.swift */; };
		661B331D2555D45800E7ABCA /* SceneDelegate.swift in Sources */ = {isa = PBXBuildFile; fileRef = 661B331C2555D45800E7ABCA /* SceneDelegate.swift */; };
		661B331F2555D45800E7ABCA /* ViewController.swift in Sources */ = {isa = PBXBuildFile; fileRef = 661B331E2555D45800E7ABCA /* ViewController.swift */; };
		661B33222555D45800E7ABCA /*  .storyboard in Resources */ = {isa = PBXBuildFile; fileRef = 661B33202555D45800E7ABCA /*  .storyboard */; };
		661B33242555D45900E7ABCA /* Assets.xcassets in Resources */ = {isa = PBXBuildFile; fileRef = 661B33232555D45900E7ABCA /* Assets.xcassets */; };
		661B33272555D45900E7ABCA /* LaunchScreen.storyboard in Resources */ = {isa = PBXBuildFile; fileRef = 661B33252555D45900E7ABCA /* LaunchScreen.storyboard */; };
		661B33322555D45900E7ABCA /* UdderTests.swift in Sources */ = {isa = PBXBuildFile; fileRef = 661B33312555D45900E7ABCA /* UdderTests.swift */; };
		661B333D2555D45900E7ABCA /* UdderUITests.swift in Sources */ = {isa = PBXBuildFile; fileRef = 661B333C2555D45900E7ABCA /* UdderUITests.swift */; };
/* End PBXBuildFile section */

/* Begin PBXContainerItemProxy section */
		661B332E2555D45900E7ABCA /* PBXContainerItemProxy */ = {
			isa = PBXContainerItemProxy;
			containerPortal = 661B330F2555D45800E7ABCA /* Project object */;
			proxyType = 1;
			remoteGlobalIDString = 661B33162555D45800E7ABCA;
			remoteInfo = Udder;
		};
		661B33392555D45900E7ABCA /* PBXContainerItemProxy */ = {
			isa = PBXContainerItemProxy;
			containerPortal = 661B330F2555D45800E7ABCA /* Project object */;
			proxyType = 1;
			remoteGlobalIDString = 661B33162555D45800E7ABCA;
			remoteInfo = Udder;
		};
/* End PBXContainerItemProxy section */

/* Begin PBXFileReference section */
		661B33172555D45800E7ABCA /* Udder.app */ = {isa = PBXFileReference; explicitFileType = wrapper.application; includeInIndex = 0; path = Udder.app; sourceTree = BUILT_PRODUCTS_DIR; };
		661B331A2555D45800E7ABCA /* AppDelegate.swift */ = {isa = PBXFileReference; lastKnownFileType = sourcecode.swift; path = AppDelegate.swift; sourceTree = "<group>"; };
		661B331C2555D45800E7ABCA /* SceneDelegate.swift */ = {isa = PBXFileReference; lastKnownFileType = sourcecode.swift; path = SceneDelegate.swift; sourceTree = "<group>"; };
		661B331E2555D45800E7ABCA /* ViewController.swift */ = {isa = PBXFileReference; lastKnownFileType = sourcecode.swift; path = ViewController.swift; sourceTree = "<group>"; };
		661B33212555D45800E7ABCA /* Base */ = {isa = PBXFileReference; lastKnownFileType = file.storyboard; name = Base; path = "Base.lproj/ .storyboard"; sourceTree = "<group>"; };
		661B33232555D45900E7ABCA /* Assets.xcassets */ = {isa = PBXFileReference; lastKnownFileType = folder.assetcatalog; path = Assets.xcassets; sourceTree = "<group>"; };
		661B33262555D45900E7ABCA /* Base */ = {isa = PBXFileReference; lastKnownFileType = file.storyboard; name = Base; path = Base.lproj/LaunchScreen.storyboard; sourceTree = "<group>"; };
		661B33282555D45900E7ABCA /* Info.plist */ = {isa = PBXFileReference; lastKnownFileType = text.plist.xml; path = Info.plist; sourceTree = "<group>"; };
		661B332D2555D45900E7ABCA /* UdderTests.xctest */ = {isa = PBXFileReference; explicitFileType = wrapper.cfbundle; includeInIndex = 0; path = UdderTests.xctest; sourceTree = BUILT_PRODUCTS_DIR; };
		661B33312555D45900E7ABCA /* UdderTests.swift */ = {isa = PBXFileReference; lastKnownFileType = sourcecode.swift; path = UdderTests.swift; sourceTree = "<group>"; };
		661B33332555D45900E7ABCA /* Info.plist */ = {isa = PBXFileReference; lastKnownFileType = text.plist.xml; path = Info.plist; sourceTree = "<group>"; };
		661B33382555D45900E7ABCA /* UdderUITests.xctest */ = {isa = PBXFileReference; explicitFileType = wrapper.cfbundle; includeInIndex = 0; path = UdderUITests.xctest; sourceTree = BUILT_PRODUCTS_DIR; };
		661B333C2555D45900E7ABCA /* UdderUITests.swift */ = {isa = PBXFileReference; lastKnownFileType = sourcecode.swift; path = UdderUITests.swift; sourceTree = "<group>"; };
		661B333E2555D45900E7ABCA /* Info.plist */ = {isa = PBXFileReference; lastKnownFileType = text.plist.xml; path = Info.plist; sourceTree = "<group>"; };
/* End PBXFileReference section */

/* Begin PBXFrameworksBuildPhase section */
		661B33142555D45800E7ABCA /* Frameworks */ = {
			isa = PBXFrameworksBuildPhase;
			buildActionMask = 2147483647;
			files = (
			);
			runOnlyForDeploymentPostprocessing = 0;
		};
		661B332A2555D45900E7ABCA /* Frameworks */ = {
			isa = PBXFrameworksBuildPhase;
			buildActionMask = 2147483647;
			files = (
			);
			runOnlyForDeploymentPostprocessing = 0;
		};
		661B33352555D45900E7ABCA /* Frameworks */ = {
			isa = PBXFrameworksBuildPhase;
			buildActionMask = 2147483647;
			files = (
			);
			runOnlyForDeploymentPostprocessing = 0;
		};
/* End PBXFrameworksBuildPhase section */

/* Begin PBXGroup section */
		661B330E2555D45800E7ABCA = {
			isa = PBXGroup;
			children = (
				661B33192555D45800E7ABCA /* Udder */,
				661B33302555D45900E7ABCA /* UdderTests */,
				661B333B2555D45900E7ABCA /* UdderUITests */,
				661B33182555D45800E7ABCA /* Products */,
			);
			sourceTree = "<group>";
		};
		661B33182555D45800E7ABCA /* Products */ = {
			isa = PBXGroup;
			children = (
				661B33172555D45800E7ABCA /* Udder.app */,
				661B332D2555D45900E7ABCA /* UdderTests.xctest */,
				661B33382555D45900E7ABCA /* UdderUITests.xctest */,
			);
			name = Products;
			sourceTree = "<group>";
		};
		661B33192555D45800E7ABCA /* Udder */ = {
			isa = PBXGroup;
			children = (
				661B331A2555D45800E7ABCA /* AppDelegate.swift */,
				661B331C2555D45800E7ABCA /* SceneDelegate.swift */,
				661B331E2555D45800E7ABCA /* ViewController.swift */,
				661B33202555D45800E7ABCA /*  .storyboard */,
				661B33232555D45900E7ABCA /* Assets.xcassets */,
				661B33252555D45900E7ABCA /* LaunchScreen.storyboard */,
				661B33282555D45900E7ABCA /* Info.plist */,
			);
			path = Udder;
			sourceTree = "<group>";
		};
		661B33302555D45900E7ABCA /* UdderTests */ = {
			isa = PBXGroup;
			children = (
				661B33312555D45900E7ABCA /* UdderTests.swift */,
				661B33332555D45900E7ABCA /* Info.plist */,
			);
			path = UdderTests;
			sourceTree = "<group>";
		};
		661B333B2555D45900E7ABCA /* UdderUITests */ = {
			isa = PBXGroup;
			children = (
				661B333C2555D45900E7ABCA /* UdderUITests.swift */,
				661B333E2555D45900E7ABCA /* Info.plist */,
			);
			path = UdderUITests;
			sourceTree = "<group>";
		};
/* End PBXGroup section */

/* Begin PBXNativeTarget section */
		661B33162555D45800E7ABCA /* Udder */ = {
			isa = PBXNativeTarget;
			buildConfigurationList = 661B33412555D45900E7ABCA /* Build configuration list for PBXNativeTarget "Udder" */;
			buildPhases = (
				661B33132555D45800E7ABCA /* Sources */,
				661B33142555D45800E7ABCA /* Frameworks */,
				661B33152555D45800E7ABCA /* Resources */,
			);
			buildRules = (
			);
			dependencies = (
			);
			name = Udder;
			productName = Udder;
			productReference = 661B33172555D45800E7ABCA /* Udder.app */;
			productType = "com.apple.product-type.application";
		};
		661B332C2555D45900E7ABCA /* UdderTests */ = {
			isa = PBXNativeTarget;
			buildConfigurationList = 661B33442555D45900E7ABCA /* Build configuration list for PBXNativeTarget "UdderTests" */;
			buildPhases = (
				661B33292555D45900E7ABCA /* Sources */,
				661B332A2555D45900E7ABCA /* Frameworks */,
				661B332B2555D45900E7ABCA /* Resources */,
			);
			buildRules = (
			);
			dependencies = (
				661B332F2555D45900E7ABCA /* PBXTargetDependency */,
			);
			name = UdderTests;
			productName = UdderTests;
			productReference = 661B332D2555D45900E7ABCA /* UdderTests.xctest */;
			productType = "com.apple.product-type.bundle.unit-test";
		};
		661B33372555D45900E7ABCA /* UdderUITests */ = {
			isa = PBXNativeTarget;
			buildConfigurationList = 661B33472555D45900E7ABCA /* Build configuration list for PBXNativeTarget "UdderUITests" */;
			buildPhases = (
				661B33342555D45900E7ABCA /* Sources */,
				661B33352555D45900E7ABCA /* Frameworks */,
				661B33362555D45900E7ABCA /* Resources */,
			);
			buildRules = (
			);
			dependencies = (
				661B333A2555D45900E7ABCA /* PBXTargetDependency */,
			);
			name = UdderUITests;
			productName = UdderUITests;
			productReference = 661B33382555D45900E7ABCA /* UdderUITests.xctest */;
			productType = "com.apple.product-type.bundle.ui-testing";
		};
/* End PBXNativeTarget section */

/* Begin PBXProject section */
		661B330F2555D45800E7ABCA /* Project object */ = {
			isa = PBXProject;
			attributes = {
				LastSwiftUpdateCheck = 1210;
				LastUpgradeCheck = 1210;
				TargetAttributes = {
					661B33162555D45800E7ABCA = {
						CreatedOnToolsVersion = 12.1;
					};
					661B332C2555D45900E7ABCA = {
						CreatedOnToolsVersion = 12.1;
						TestTargetID = 661B33162555D45800E7ABCA;
					};
					661B33372555D45900E7ABCA = {
						CreatedOnToolsVersion = 12.1;
						TestTargetID = 661B33162555D45800E7ABCA;
					};
				};
			};
			buildConfigurationList = 661B33122555D45800E7ABCA /* Build configuration list for PBXProject "Udder" */;
			compatibilityVersion = "Xcode 9.3";
			developmentRegion = en;
			hasScannedForEncodings = 0;
			knownRegions = (
				en,
				Base,
			);
			mainGroup = 661B330E2555D45800E7ABCA;
			productRefGroup = 661B33182555D45800E7ABCA /* Products */;
			projectDirPath = "";
			projectRoot = "";
			targets = (
				661B33162555D45800E7ABCA /* Udder */,
				661B332C2555D45900E7ABCA /* UdderTests */,
				661B33372555D45900E7ABCA /* UdderUITests */,
			);
		};
/* End PBXProject section */

/* Begin PBXResourcesBuildPhase section */
		661B33152555D45800E7ABCA /* Resources */ = {
			isa = PBXResourcesBuildPhase;
			buildActionMask = 2147483647;
			files = (
				661B33272555D45900E7ABCA /* LaunchScreen.storyboard in Resources */,
				661B33242555D45900E7ABCA /* Assets.xcassets in Resources */,
				661B33222555D45800E7ABCA /*  .storyboard in Resources */,
			);
			runOnlyForDeploymentPostprocessing = 0;
		};
		661B332B2555D45900E7ABCA /* Resources */ = {
			isa = PBXResourcesBuildPhase;
			buildActionMask = 2147483647;
			files = (
			);
			runOnlyForDeploymentPostprocessing = 0;
		};
		661B33362555D45900E7ABCA /* Resources */ = {
			isa = PBXResourcesBuildPhase;
			buildActionMask = 2147483647;
			files = (
			);
			runOnlyForDeploymentPostprocessing = 0;
		};
/* End PBXResourcesBuildPhase section */

/* Begin PBXSourcesBuildPhase section */
		661B33132555D45800E7ABCA /* Sources */ = {
			isa = PBXSourcesBuildPhase;
			buildActionMask = 2147483647;
			files = (
				661B331F2555D45800E7ABCA /* ViewController.swift in Sources */,
				661B331B2555D45800E7ABCA /* AppDelegate.swift in Sources */,
				661B331D2555D45800E7ABCA /* SceneDelegate.swift in Sources */,
			);
			runOnlyForDeploymentPostprocessing = 0;
		};
		661B33292555D45900E7ABCA /* Sources */ = {
			isa = PBXSourcesBuildPhase;
			buildActionMask = 2147483647;
			files = (
				661B33322555D45900E7ABCA /* UdderTests.swift in Sources */,
			);
			runOnlyForDeploymentPostprocessing = 0;
		};
		661B33342555D45900E7ABCA /* Sources */ = {
			isa = PBXSourcesBuildPhase;
			buildActionMask = 2147483647;
			files = (
				661B333D2555D45900E7ABCA /* UdderUITests.swift in Sources */,
			);
			runOnlyForDeploymentPostprocessing = 0;
		};
/* End PBXSourcesBuildPhase section */

/* Begin PBXTargetDependency section */
		661B332F2555D45900E7ABCA /* PBXTargetDependency */ = {
			isa = PBXTargetDependency;
			target = 661B33162555D45800E7ABCA /* Udder */;
			targetProxy = 661B332E2555D45900E7ABCA /* PBXContainerItemProxy */;
		};
		661B333A2555D45900E7ABCA /* PBXTargetDependency */ = {
			isa = PBXTargetDependency;
			target = 661B33162555D45800E7ABCA /* Udder */;
			targetProxy = 661B33392555D45900E7ABCA /* PBXContainerItemProxy */;
		};
/* End PBXTargetDependency section */

/* Begin PBXVariantGroup section */
		661B33202555D45800E7ABCA /*  .storyboard */ = {
			isa = PBXVariantGroup;
			children = (
				661B33212555D45800E7ABCA /* Base */,
			);
			name = " .storyboard";
			sourceTree = "<group>";
		};
		661B33252555D45900E7ABCA /* LaunchScreen.storyboard */ = {
			isa = PBXVariantGroup;
			children = (
				661B33262555D45900E7ABCA /* Base */,
			);
			name = LaunchScreen.storyboard;
			sourceTree = "<group>";
		};
/* End PBXVariantGroup section */

/* Begin XCBuildConfiguration section */
		661B333F2555D45900E7ABCA /* Debug */ = {
			isa = XCBuildConfiguration;
			buildSettings = {
				ALWAYS_SEARCH_USER_PATHS = NO;
				CLANG_ANALYZER_NONNULL = YES;
				CLANG_ANALYZER_NUMBER_OBJECT_CONVERSION = YES_AGGRESSIVE;
				CLANG_CXX_LANGUAGE_STANDARD = "gnu++14";
				CLANG_CXX_LIBRARY = "libc++";
				CLANG_ENABLE_MODULES = YES;
				CLANG_ENABLE_OBJC_ARC = YES;
				CLANG_ENABLE_OBJC_WEAK = YES;
				CLANG_WARN_BLOCK_CAPTURE_AUTORELEASING = YES;
				CLANG_WARN_BOOL_CONVERSION = YES;
				CLANG_WARN_COMMA = YES;
				CLANG_WARN_CONSTANT_CONVERSION = YES;
				CLANG_WARN_DEPRECATED_OBJC_IMPLEMENTATIONS = YES;
				CLANG_WARN_DIRECT_OBJC_ISA_USAGE = YES_ERROR;
				CLANG_WARN_DOCUMENTATION_COMMENTS = YES;
				CLANG_WARN_EMPTY_BODY = YES;
				CLANG_WARN_ENUM_CONVERSION = YES;
				CLANG_WARN_INFINITE_RECURSION = YES;
				CLANG_WARN_INT_CONVERSION = YES;
				CLANG_WARN_NON_LITERAL_NULL_CONVERSION = YES;
				CLANG_WARN_OBJC_IMPLICIT_RETAIN_SELF = YES;
				CLANG_WARN_OBJC_LITERAL_CONVERSION = YES;
				CLANG_WARN_OBJC_ROOT_CLASS = YES_ERROR;
				CLANG_WARN_QUOTED_INCLUDE_IN_FRAMEWORK_HEADER = YES;
				CLANG_WARN_RANGE_LOOP_ANALYSIS = YES;
				CLANG_WARN_STRICT_PROTOTYPES = YES;
				CLANG_WARN_SUSPICIOUS_MOVE = YES;
				CLANG_WARN_UNGUARDED_AVAILABILITY = YES_AGGRESSIVE;
				CLANG_WARN_UNREACHABLE_CODE = YES;
				CLANG_WARN__DUPLICATE_METHOD_MATCH = YES;
				COPY_PHASE_STRIP = NO;
				DEBUG_INFORMATION_FORMAT = dwarf;
				ENABLE_STRICT_OBJC_MSGSEND = YES;
				ENABLE_TESTABILITY = YES;
				GCC_C_LANGUAGE_STANDARD = gnu11;
				GCC_DYNAMIC_NO_PIC = NO;
				GCC_NO_COMMON_BLOCKS = YES;
				GCC_OPTIMIZATION_LEVEL = 0;
				GCC_PREPROCESSOR_DEFINITIONS = (
					"DEBUG=1",
					"$(inherited)",
				);
				GCC_WARN_64_TO_32_BIT_CONVERSION = YES;
				GCC_WARN_ABOUT_RETURN_TYPE = YES_ERROR;
				GCC_WARN_UNDECLARED_SELECTOR = YES;
				GCC_WARN_UNINITIALIZED_AUTOS = YES_AGGRESSIVE;
				GCC_WARN_UNUSED_FUNCTION = YES;
				GCC_WARN_UNUSED_VARIABLE = YES;
				IPHONEOS_DEPLOYMENT_TARGET = 14.1;
				MTL_ENABLE_DEBUG_INFO = INCLUDE_SOURCE;
				MTL_FAST_MATH = YES;
				ONLY_ACTIVE_ARCH = YES;
				SDKROOT = iphoneos;
				SWIFT_ACTIVE_COMPILATION_CONDITIONS = DEBUG;
				SWIFT_OPTIMIZATION_LEVEL = "-Onone";
			};
			name = Debug;
		};
		661B33402555D45900E7ABCA /* Release */ = {
			isa = XCBuildConfiguration;
			buildSettings = {
				ALWAYS_SEARCH_USER_PATHS = NO;
				CLANG_ANALYZER_NONNULL = YES;
				CLANG_ANALYZER_NUMBER_OBJECT_CONVERSION = YES_AGGRESSIVE;
				CLANG_CXX_LANGUAGE_STANDARD = "gnu++14";
				CLANG_CXX_LIBRARY = "libc++";
				CLANG_ENABLE_MODULES = YES;
				CLANG_ENABLE_OBJC_ARC = YES;
				CLANG_ENABLE_OBJC_WEAK = YES;
				CLANG_WARN_BLOCK_CAPTURE_AUTORELEASING = YES;
				CLANG_WARN_BOOL_CONVERSION = YES;
				CLANG_WARN_COMMA = YES;
				CLANG_WARN_CONSTANT_CONVERSION = YES;
				CLANG_WARN_DEPRECATED_OBJC_IMPLEMENTATIONS = YES;
				CLANG_WARN_DIRECT_OBJC_ISA_USAGE = YES_ERROR;
				CLANG_WARN_DOCUMENTATION_COMMENTS = YES;
				CLANG_WARN_EMPTY_BODY = YES;
				CLANG_WARN_ENUM_CONVERSION = YES;
				CLANG_WARN_INFINITE_RECURSION = YES;
				CLANG_WARN_INT_CONVERSION = YES;
				CLANG_WARN_NON_LITERAL_NULL_CONVERSION = YES;
				CLANG_WARN_OBJC_IMPLICIT_RETAIN_SELF = YES;
				CLANG_WARN_OBJC_LITERAL_CONVERSION = YES;
				CLANG_WARN_OBJC_ROOT_CLASS = YES_ERROR;
				CLANG_WARN_QUOTED_INCLUDE_IN_FRAMEWORK_HEADER = YES;
				CLANG_WARN_RANGE_LOOP_ANALYSIS = YES;
				CLANG_WARN_STRICT_PROTOTYPES = YES;
				CLANG_WARN_SUSPICIOUS_MOVE = YES;
				CLANG_WARN_UNGUARDED_AVAILABILITY = YES_AGGRESSIVE;
				CLANG_WARN_UNREACHABLE_CODE = YES;
				CLANG_WARN__DUPLICATE_METHOD_MATCH = YES;
				COPY_PHASE_STRIP = NO;
				DEBUG_INFORMATION_FORMAT = "dwarf-with-dsym";
				ENABLE_NS_ASSERTIONS = NO;
				ENABLE_STRICT_OBJC_MSGSEND = YES;
				GCC_C_LANGUAGE_STANDARD = gnu11;
				GCC_NO_COMMON_BLOCKS = YES;
				GCC_WARN_64_TO_32_BIT_CONVERSION = YES;
				GCC_WARN_ABOUT_RETURN_TYPE = YES_ERROR;
				GCC_WARN_UNDECLARED_SELECTOR = YES;
				GCC_WARN_UNINITIALIZED_AUTOS = YES_AGGRESSIVE;
				GCC_WARN_UNUSED_FUNCTION = YES;
				GCC_WARN_UNUSED_VARIABLE = YES;
				IPHONEOS_DEPLOYMENT_TARGET = 14.1;
				MTL_ENABLE_DEBUG_INFO = NO;
				MTL_FAST_MATH = YES;
				SDKROOT = iphoneos;
				SWIFT_COMPILATION_MODE = wholemodule;
				SWIFT_OPTIMIZATION_LEVEL = "-O";
				VALIDATE_PRODUCT = YES;
			};
			name = Release;
		};
		661B33422555D45900E7ABCA /* Debug */ = {
			isa = XCBuildConfiguration;
			buildSettings = {
				ASSETCATALOG_COMPILER_APPICON_NAME = AppIcon;
				ASSETCATALOG_COMPILER_GLOBAL_ACCENT_COLOR_NAME = AccentColor;
				CODE_SIGN_STYLE = Automatic;
				DEVELOPMENT_TEAM = 2Q3C8UH8GD;
				INFOPLIST_FILE = Udder/Info.plist;
				LD_RUNPATH_SEARCH_PATHS = (
					"$(inherited)",
					"@executable_path/Frameworks",
				);
				PRODUCT_BUNDLE_IDENTIFIER = com.stevenk.Udder;
				PRODUCT_NAME = "$(TARGET_NAME)";
				SWIFT_VERSION = 5.0;
				TARGETED_DEVICE_FAMILY = "1,2";
			};
			name = Debug;
		};
		661B33432555D45900E7ABCA /* Release */ = {
			isa = XCBuildConfiguration;
			buildSettings = {
				ASSETCATALOG_COMPILER_APPICON_NAME = AppIcon;
				ASSETCATALOG_COMPILER_GLOBAL_ACCENT_COLOR_NAME = AccentColor;
				CODE_SIGN_STYLE = Automatic;
				DEVELOPMENT_TEAM = 2Q3C8UH8GD;
				INFOPLIST_FILE = Udder/Info.plist;
				LD_RUNPATH_SEARCH_PATHS = (
					"$(inherited)",
					"@executable_path/Frameworks",
				);
				PRODUCT_BUNDLE_IDENTIFIER = com.stevenk.Udder;
				PRODUCT_NAME = "$(TARGET_NAME)";
				SWIFT_VERSION = 5.0;
				TARGETED_DEVICE_FAMILY = "1,2";
			};
			name = Release;
		};
		661B33452555D45900E7ABCA /* Debug */ = {
			isa = XCBuildConfiguration;
			buildSettings = {
				ALWAYS_EMBED_SWIFT_STANDARD_LIBRARIES = YES;
				BUNDLE_LOADER = "$(TEST_HOST)";
				CODE_SIGN_STYLE = Automatic;
				DEVELOPMENT_TEAM = 2Q3C8UH8GD;
				INFOPLIST_FILE = UdderTests/Info.plist;
				IPHONEOS_DEPLOYMENT_TARGET = 14.1;
				LD_RUNPATH_SEARCH_PATHS = (
					"$(inherited)",
					"@executable_path/Frameworks",
					"@loader_path/Frameworks",
				);
				PRODUCT_BUNDLE_IDENTIFIER = com.stevenk.UdderTests;
				PRODUCT_NAME = "$(TARGET_NAME)";
				SWIFT_VERSION = 5.0;
				TARGETED_DEVICE_FAMILY = "1,2";
				TEST_HOST = "$(BUILT_PRODUCTS_DIR)/Udder.app/Udder";
			};
			name = Debug;
		};
		661B33462555D45900E7ABCA /* Release */ = {
			isa = XCBuildConfiguration;
			buildSettings = {
				ALWAYS_EMBED_SWIFT_STANDARD_LIBRARIES = YES;
				BUNDLE_LOADER = "$(TEST_HOST)";
				CODE_SIGN_STYLE = Automatic;
				DEVELOPMENT_TEAM = 2Q3C8UH8GD;
				INFOPLIST_FILE = UdderTests/Info.plist;
				IPHONEOS_DEPLOYMENT_TARGET = 14.1;
				LD_RUNPATH_SEARCH_PATHS = (
					"$(inherited)",
					"@executable_path/Frameworks",
					"@loader_path/Frameworks",
				);
				PRODUCT_BUNDLE_IDENTIFIER = com.stevenk.UdderTests;
				PRODUCT_NAME = "$(TARGET_NAME)";
				SWIFT_VERSION = 5.0;
				TARGETED_DEVICE_FAMILY = "1,2";
				TEST_HOST = "$(BUILT_PRODUCTS_DIR)/Udder.app/Udder";
			};
			name = Release;
		};
		661B33482555D45900E7ABCA /* Debug */ = {
			isa = XCBuildConfiguration;
			buildSettings = {
				ALWAYS_EMBED_SWIFT_STANDARD_LIBRARIES = YES;
				CODE_SIGN_STYLE = Automatic;
				DEVELOPMENT_TEAM = 2Q3C8UH8GD;
				INFOPLIST_FILE = UdderUITests/Info.plist;
				LD_RUNPATH_SEARCH_PATHS = (
					"$(inherited)",
					"@executable_path/Frameworks",
					"@loader_path/Frameworks",
				);
				PRODUCT_BUNDLE_IDENTIFIER = com.stevenk.UdderUITests;
				PRODUCT_NAME = "$(TARGET_NAME)";
				SWIFT_VERSION = 5.0;
				TARGETED_DEVICE_FAMILY = "1,2";
				TEST_TARGET_NAME = Udder;
			};
			name = Debug;
		};
		661B33492555D45900E7ABCA /* Release */ = {
			isa = XCBuildConfiguration;
			buildSettings = {
				ALWAYS_EMBED_SWIFT_STANDARD_LIBRARIES = YES;
				CODE_SIGN_STYLE = Automatic;
				DEVELOPMENT_TEAM = 2Q3C8UH8GD;
				INFOPLIST_FILE = UdderUITests/Info.plist;
				LD_RUNPATH_SEARCH_PATHS = (
					"$(inherited)",
					"@executable_path/Frameworks",
					"@loader_path/Frameworks",
				);
				PRODUCT_BUNDLE_IDENTIFIER = com.stevenk.UdderUITests;
				PRODUCT_NAME = "$(TARGET_NAME)";
				SWIFT_VERSION = 5.0;
				TARGETED_DEVICE_FAMILY = "1,2";
				TEST_TARGET_NAME = Udder;
			};
			name = Release;
		};
/* End XCBuildConfiguration section */

/* Begin XCConfigurationList section */
		661B33122555D45800E7ABCA /* Build configuration list for PBXProject "Udder" */ = {
			isa = XCConfigurationList;
			buildConfigurations = (
				661B333F2555D45900E7ABCA /* Debug */,
				661B33402555D45900E7ABCA /* Release */,
			);
			defaultConfigurationIsVisible = 0;
			defaultConfigurationName = Release;
		};
		661B33412555D45900E7ABCA /* Build configuration list for PBXNativeTarget "Udder" */ = {
			isa = XCConfigurationList;
			buildConfigurations = (
				661B33422555D45900E7ABCA /* Debug */,
				661B33432555D45900E7ABCA /* Release */,
			);
			defaultConfigurationIsVisible = 0;
			defaultConfigurationName = Release;
		};
		661B33442555D45900E7ABCA /* Build configuration list for PBXNativeTarget "UdderTests" */ = {
			isa = XCConfigurationList;
			buildConfigurations = (
				661B33452555D45900E7ABCA /* Debug */,
				661B33462555D45900E7ABCA /* Release */,
			);
			defaultConfigurationIsVisible = 0;
			defaultConfigurationName = Release;
		};
		661B33472555D45900E7ABCA /* Build configuration list for PBXNativeTarget "UdderUITests" */ = {
			isa = XCConfigurationList;
			buildConfigurations = (
				661B33482555D45900E7ABCA /* Debug */,
				661B33492555D45900E7ABCA /* Release */,
			);
			defaultConfigurationIsVisible = 0;
			defaultConfigurationName = Release;
		};
/* End XCConfigurationList section */
	};
	rootObject = 661B330F2555D45800E7ABCA /* Project object */;
}
